// !$*UTF8*$!
{
	archiveVersion = 1;
	classes = {
	};
	objectVersion = 50;
	objects = {

/* Begin PBXBuildFile section */
		4FA1F017271E9E840071D20E /* AppDelegate.swift in Sources */ = {isa = PBXBuildFile; fileRef = 4FA1F016271E9E840071D20E /* AppDelegate.swift */; };
		4FA1F019271E9E840071D20E /* SceneDelegate.swift in Sources */ = {isa = PBXBuildFile; fileRef = 4FA1F018271E9E840071D20E /* SceneDelegate.swift */; };
		4FA1F01B271E9E840071D20E /* ViewController.swift in Sources */ = {isa = PBXBuildFile; fileRef = 4FA1F01A271E9E840071D20E /* ViewController.swift */; };
		4FA1F01E271E9E840071D20E /* Main.storyboard in Resources */ = {isa = PBXBuildFile; fileRef = 4FA1F01C271E9E840071D20E /* Main.storyboard */; };
		4FA1F020271E9E850071D20E /* Assets.xcassets in Resources */ = {isa = PBXBuildFile; fileRef = 4FA1F01F271E9E850071D20E /* Assets.xcassets */; };
		4FA1F023271E9E850071D20E /* LaunchScreen.storyboard in Resources */ = {isa = PBXBuildFile; fileRef = 4FA1F021271E9E850071D20E /* LaunchScreen.storyboard */; };
		6BE8AEF156216C40C6CB1C8D /* Pods_Github_iOS.framework in Frameworks */ = {isa = PBXBuildFile; fileRef = 472F7526584ED26CA59BFF06 /* Pods_Github_iOS.framework */; };
/* End PBXBuildFile section */

/* Begin PBXFileReference section */
		472F7526584ED26CA59BFF06 /* Pods_Github_iOS.framework */ = {isa = PBXFileReference; explicitFileType = wrapper.framework; includeInIndex = 0; path = Pods_Github_iOS.framework; sourceTree = BUILT_PRODUCTS_DIR; };
		4FA1F013271E9E840071D20E /* Github iOS.app */ = {isa = PBXFileReference; explicitFileType = wrapper.application; includeInIndex = 0; path = "Github iOS.app"; sourceTree = BUILT_PRODUCTS_DIR; };
		4FA1F016271E9E840071D20E /* AppDelegate.swift */ = {isa = PBXFileReference; lastKnownFileType = sourcecode.swift; path = AppDelegate.swift; sourceTree = "<group>"; };
		4FA1F018271E9E840071D20E /* SceneDelegate.swift */ = {isa = PBXFileReference; lastKnownFileType = sourcecode.swift; path = SceneDelegate.swift; sourceTree = "<group>"; };
		4FA1F01A271E9E840071D20E /* ViewController.swift */ = {isa = PBXFileReference; lastKnownFileType = sourcecode.swift; path = ViewController.swift; sourceTree = "<group>"; };
		4FA1F01D271E9E840071D20E /* Base */ = {isa = PBXFileReference; lastKnownFileType = file.storyboard; name = Base; path = Base.lproj/Main.storyboard; sourceTree = "<group>"; };
		4FA1F01F271E9E850071D20E /* Assets.xcassets */ = {isa = PBXFileReference; lastKnownFileType = folder.assetcatalog; path = Assets.xcassets; sourceTree = "<group>"; };
		4FA1F022271E9E850071D20E /* Base */ = {isa = PBXFileReference; lastKnownFileType = file.storyboard; name = Base; path = Base.lproj/LaunchScreen.storyboard; sourceTree = "<group>"; };
		4FA1F024271E9E850071D20E /* Info.plist */ = {isa = PBXFileReference; lastKnownFileType = text.plist.xml; path = Info.plist; sourceTree = "<group>"; };
		B04D679CAF51809D45EF8556 /* Pods-Github iOS.release.xcconfig */ = {isa = PBXFileReference; includeInIndex = 1; lastKnownFileType = text.xcconfig; name = "Pods-Github iOS.release.xcconfig"; path = "Target Support Files/Pods-Github iOS/Pods-Github iOS.release.xcconfig"; sourceTree = "<group>"; };
		FC99DABE00407AB81CA83AD7 /* Pods-Github iOS.debug.xcconfig */ = {isa = PBXFileReference; includeInIndex = 1; lastKnownFileType = text.xcconfig; name = "Pods-Github iOS.debug.xcconfig"; path = "Target Support Files/Pods-Github iOS/Pods-Github iOS.debug.xcconfig"; sourceTree = "<group>"; };
/* End PBXFileReference section */

/* Begin PBXFrameworksBuildPhase section */
		4FA1F010271E9E840071D20E /* Frameworks */ = {
			isa = PBXFrameworksBuildPhase;
			buildActionMask = 2147483647;
			files = (
				6BE8AEF156216C40C6CB1C8D /* Pods_Github_iOS.framework in Frameworks */,
			);
			runOnlyForDeploymentPostprocessing = 0;
		};
/* End PBXFrameworksBuildPhase section */

/* Begin PBXGroup section */
		009D6D8A8088865A01D21D79 /* Pods */ = {
			isa = PBXGroup;
			children = (
				FC99DABE00407AB81CA83AD7 /* Pods-Github iOS.debug.xcconfig */,
				B04D679CAF51809D45EF8556 /* Pods-Github iOS.release.xcconfig */,
			);
			name = Pods;
			path = Pods;
			sourceTree = "<group>";
		};
		4FA1F00A271E9E840071D20E = {
			isa = PBXGroup;
			children = (
				4FA1F015271E9E840071D20E /* Github iOS */,
				4FA1F014271E9E840071D20E /* Products */,
				009D6D8A8088865A01D21D79 /* Pods */,
				B5A7C476CC83975281389B8F /* Frameworks */,
			);
			sourceTree = "<group>";
		};
		4FA1F014271E9E840071D20E /* Products */ = {
			isa = PBXGroup;
			children = (
				4FA1F013271E9E840071D20E /* Github iOS.app */,
			);
			name = Products;
			sourceTree = "<group>";
		};
		4FA1F015271E9E840071D20E /* Github iOS */ = {
			isa = PBXGroup;
			children = (
				4FA1F016271E9E840071D20E /* AppDelegate.swift */,
				4FA1F018271E9E840071D20E /* SceneDelegate.swift */,
				4FA1F01A271E9E840071D20E /* ViewController.swift */,
				4FA1F01C271E9E840071D20E /* Main.storyboard */,
				4FA1F01F271E9E850071D20E /* Assets.xcassets */,
				4FA1F021271E9E850071D20E /* LaunchScreen.storyboard */,
				4FA1F024271E9E850071D20E /* Info.plist */,
			);
			path = "Github iOS";
			sourceTree = "<group>";
		};
		B5A7C476CC83975281389B8F /* Frameworks */ = {
			isa = PBXGroup;
			children = (
				472F7526584ED26CA59BFF06 /* Pods_Github_iOS.framework */,
			);
			name = Frameworks;
			sourceTree = "<group>";
		};
/* End PBXGroup section */

/* Begin PBXNativeTarget section */
		4FA1F012271E9E840071D20E /* Github iOS */ = {
			isa = PBXNativeTarget;
			buildConfigurationList = 4FA1F027271E9E850071D20E /* Build configuration list for PBXNativeTarget "Github iOS" */;
			buildPhases = (
				B34F9573C9E850DCFD857070 /* [CP] Check Pods Manifest.lock */,
				4FA1F00F271E9E840071D20E /* Sources */,
				4FA1F010271E9E840071D20E /* Frameworks */,
				4FA1F011271E9E840071D20E /* Resources */,
			);
			buildRules = (
			);
			dependencies = (
			);
			name = "Github iOS";
			productName = "Github iOS";
			productReference = 4FA1F013271E9E840071D20E /* Github iOS.app */;
			productType = "com.apple.product-type.application";
		};
/* End PBXNativeTarget section */

/* Begin PBXProject section */
		4FA1F00B271E9E840071D20E /* Project object */ = {
			isa = PBXProject;
			attributes = {
				LastSwiftUpdateCheck = 1250;
				LastUpgradeCheck = 1250;
				TargetAttributes = {
					4FA1F012271E9E840071D20E = {
						CreatedOnToolsVersion = 12.5.1;
					};
				};
			};
			buildConfigurationList = 4FA1F00E271E9E840071D20E /* Build configuration list for PBXProject "Github iOS" */;
			compatibilityVersion = "Xcode 9.3";
			developmentRegion = en;
			hasScannedForEncodings = 0;
			knownRegions = (
				en,
				Base,
			);
			mainGroup = 4FA1F00A271E9E840071D20E;
			productRefGroup = 4FA1F014271E9E840071D20E /* Products */;
			projectDirPath = "";
			projectRoot = "";
			targets = (
				4FA1F012271E9E840071D20E /* Github iOS */,
			);
		};
/* End PBXProject section */

/* Begin PBXResourcesBuildPhase section */
		4FA1F011271E9E840071D20E /* Resources */ = {
			isa = PBXResourcesBuildPhase;
			buildActionMask = 2147483647;
			files = (
				4FA1F023271E9E850071D20E /* LaunchScreen.storyboard in Resources */,
				4FA1F020271E9E850071D20E /* Assets.xcassets in Resources */,
				4FA1F01E271E9E840071D20E /* Main.storyboard in Resources */,
			);
			runOnlyForDeploymentPostprocessing = 0;
		};
/* End PBXResourcesBuildPhase section */

/* Begin PBXShellScriptBuildPhase section */
		B34F9573C9E850DCFD857070 /* [CP] Check Pods Manifest.lock */ = {
			isa = PBXShellScriptBuildPhase;
			buildActionMask = 2147483647;
			files = (
			);
			inputFileListPaths = (
			);
			inputPaths = (
				"${PODS_PODFILE_DIR_PATH}/Podfile.lock",
				"${PODS_ROOT}/Manifest.lock",
			);
			name = "[CP] Check Pods Manifest.lock";
			outputFileListPaths = (
			);
			outputPaths = (
				"$(DERIVED_FILE_DIR)/Pods-Github iOS-checkManifestLockResult.txt",
			);
			runOnlyForDeploymentPostprocessing = 0;
			shellPath = /bin/sh;
			shellScript = "diff \"${PODS_PODFILE_DIR_PATH}/Podfile.lock\" \"${PODS_ROOT}/Manifest.lock\" > /dev/null\nif [ $? != 0 ] ; then\n    # print error to STDERR\n    echo \"error: The sandbox is not in sync with the Podfile.lock. Run 'pod install' or update your CocoaPods installation.\" >&2\n    exit 1\nfi\n# This output is used by Xcode 'outputs' to avoid re-running this script phase.\necho \"SUCCESS\" > \"${SCRIPT_OUTPUT_FILE_0}\"\n";
			showEnvVarsInLog = 0;
		};
/* End PBXShellScriptBuildPhase section */

/* Begin PBXSourcesBuildPhase section */
		4FA1F00F271E9E840071D20E /* Sources */ = {
			isa = PBXSourcesBuildPhase;
			buildActionMask = 2147483647;
			files = (
				4FA1F01B271E9E840071D20E /* ViewController.swift in Sources */,
				4FA1F017271E9E840071D20E /* AppDelegate.swift in Sources */,
				4FA1F019271E9E840071D20E /* SceneDelegate.swift in Sources */,
			);
			runOnlyForDeploymentPostprocessing = 0;
		};
/* End PBXSourcesBuildPhase section */

/* Begin PBXVariantGroup section */
		4FA1F01C271E9E840071D20E /* Main.storyboard */ = {
			isa = PBXVariantGroup;
			children = (
				4FA1F01D271E9E840071D20E /* Base */,
			);
			name = Main.storyboard;
			sourceTree = "<group>";
		};
		4FA1F021271E9E850071D20E /* LaunchScreen.storyboard */ = {
			isa = PBXVariantGroup;
			children = (
				4FA1F022271E9E850071D20E /* Base */,
			);
			name = LaunchScreen.storyboard;
			sourceTree = "<group>";
		};
/* End PBXVariantGroup section */

/* Begin XCBuildConfiguration section */
		4FA1F025271E9E850071D20E /* Debug */ = {
			isa = XCBuildConfiguration;
			buildSettings = {
				ALWAYS_SEARCH_USER_PATHS = NO;
				CLANG_ANALYZER_NONNULL = YES;
				CLANG_ANALYZER_NUMBER_OBJECT_CONVERSION = YES_AGGRESSIVE;
				CLANG_CXX_LANGUAGE_STANDARD = "gnu++14";
				CLANG_CXX_LIBRARY = "libc++";
				CLANG_ENABLE_MODULES = YES;
				CLANG_ENABLE_OBJC_ARC = YES;
				CLANG_ENABLE_OBJC_WEAK = YES;
				CLANG_WARN_BLOCK_CAPTURE_AUTORELEASING = YES;
				CLANG_WARN_BOOL_CONVERSION = YES;
				CLANG_WARN_COMMA = YES;
				CLANG_WARN_CONSTANT_CONVERSION = YES;
				CLANG_WARN_DEPRECATED_OBJC_IMPLEMENTATIONS = YES;
				CLANG_WARN_DIRECT_OBJC_ISA_USAGE = YES_ERROR;
				CLANG_WARN_DOCUMENTATION_COMMENTS = YES;
				CLANG_WARN_EMPTY_BODY = YES;
				CLANG_WARN_ENUM_CONVERSION = YES;
				CLANG_WARN_INFINITE_RECURSION = YES;
				CLANG_WARN_INT_CONVERSION = YES;
				CLANG_WARN_NON_LITERAL_NULL_CONVERSION = YES;
				CLANG_WARN_OBJC_IMPLICIT_RETAIN_SELF = YES;
				CLANG_WARN_OBJC_LITERAL_CONVERSION = YES;
				CLANG_WARN_OBJC_ROOT_CLASS = YES_ERROR;
				CLANG_WARN_QUOTED_INCLUDE_IN_FRAMEWORK_HEADER = YES;
				CLANG_WARN_RANGE_LOOP_ANALYSIS = YES;
				CLANG_WARN_STRICT_PROTOTYPES = YES;
				CLANG_WARN_SUSPICIOUS_MOVE = YES;
				CLANG_WARN_UNGUARDED_AVAILABILITY = YES_AGGRESSIVE;
				CLANG_WARN_UNREACHABLE_CODE = YES;
				CLANG_WARN__DUPLICATE_METHOD_MATCH = YES;
				COPY_PHASE_STRIP = NO;
				DEBUG_INFORMATION_FORMAT = dwarf;
				ENABLE_STRICT_OBJC_MSGSEND = YES;
				ENABLE_TESTABILITY = YES;
				GCC_C_LANGUAGE_STANDARD = gnu11;
				GCC_DYNAMIC_NO_PIC = NO;
				GCC_NO_COMMON_BLOCKS = YES;
				GCC_OPTIMIZATION_LEVEL = 0;
				GCC_PREPROCESSOR_DEFINITIONS = (
					"DEBUG=1",
					"$(inherited)",
				);
				GCC_WARN_64_TO_32_BIT_CONVERSION = YES;
				GCC_WARN_ABOUT_RETURN_TYPE = YES_ERROR;
				GCC_WARN_UNDECLARED_SELECTOR = YES;
				GCC_WARN_UNINITIALIZED_AUTOS = YES_AGGRESSIVE;
				GCC_WARN_UNUSED_FUNCTION = YES;
				GCC_WARN_UNUSED_VARIABLE = YES;
				IPHONEOS_DEPLOYMENT_TARGET = 14.5;
				MTL_ENABLE_DEBUG_INFO = INCLUDE_SOURCE;
				MTL_FAST_MATH = YES;
				ONLY_ACTIVE_ARCH = YES;
				SDKROOT = iphoneos;
				SWIFT_ACTIVE_COMPILATION_CONDITIONS = DEBUG;
				SWIFT_OPTIMIZATION_LEVEL = "-Onone";
			};
			name = Debug;
		};
		4FA1F026271E9E850071D20E /* Release */ = {
			isa = XCBuildConfiguration;
			buildSettings = {
				ALWAYS_SEARCH_USER_PATHS = NO;
				CLANG_ANALYZER_NONNULL = YES;
				CLANG_ANALYZER_NUMBER_OBJECT_CONVERSION = YES_AGGRESSIVE;
				CLANG_CXX_LANGUAGE_STANDARD = "gnu++14";
				CLANG_CXX_LIBRARY = "libc++";
				CLANG_ENABLE_MODULES = YES;
				CLANG_ENABLE_OBJC_ARC = YES;
				CLANG_ENABLE_OBJC_WEAK = YES;
				CLANG_WARN_BLOCK_CAPTURE_AUTORELEASING = YES;
				CLANG_WARN_BOOL_CONVERSION = YES;
				CLANG_WARN_COMMA = YES;
				CLANG_WARN_CONSTANT_CONVERSION = YES;
				CLANG_WARN_DEPRECATED_OBJC_IMPLEMENTATIONS = YES;
				CLANG_WARN_DIRECT_OBJC_ISA_USAGE = YES_ERROR;
				CLANG_WARN_DOCUMENTATION_COMMENTS = YES;
				CLANG_WARN_EMPTY_BODY = YES;
				CLANG_WARN_ENUM_CONVERSION = YES;
				CLANG_WARN_INFINITE_RECURSION = YES;
				CLANG_WARN_INT_CONVERSION = YES;
				CLANG_WARN_NON_LITERAL_NULL_CONVERSION = YES;
				CLANG_WARN_OBJC_IMPLICIT_RETAIN_SELF = YES;
				CLANG_WARN_OBJC_LITERAL_CONVERSION = YES;
				CLANG_WARN_OBJC_ROOT_CLASS = YES_ERROR;
				CLANG_WARN_QUOTED_INCLUDE_IN_FRAMEWORK_HEADER = YES;
				CLANG_WARN_RANGE_LOOP_ANALYSIS = YES;
				CLANG_WARN_STRICT_PROTOTYPES = YES;
				CLANG_WARN_SUSPICIOUS_MOVE = YES;
				CLANG_WARN_UNGUARDED_AVAILABILITY = YES_AGGRESSIVE;
				CLANG_WARN_UNREACHABLE_CODE = YES;
				CLANG_WARN__DUPLICATE_METHOD_MATCH = YES;
				COPY_PHASE_STRIP = NO;
				DEBUG_INFORMATION_FORMAT = "dwarf-with-dsym";
				ENABLE_NS_ASSERTIONS = NO;
				ENABLE_STRICT_OBJC_MSGSEND = YES;
				GCC_C_LANGUAGE_STANDARD = gnu11;
				GCC_NO_COMMON_BLOCKS = YES;
				GCC_WARN_64_TO_32_BIT_CONVERSION = YES;
				GCC_WARN_ABOUT_RETURN_TYPE = YES_ERROR;
				GCC_WARN_UNDECLARED_SELECTOR = YES;
				GCC_WARN_UNINITIALIZED_AUTOS = YES_AGGRESSIVE;
				GCC_WARN_UNUSED_FUNCTION = YES;
				GCC_WARN_UNUSED_VARIABLE = YES;
				IPHONEOS_DEPLOYMENT_TARGET = 14.5;
				MTL_ENABLE_DEBUG_INFO = NO;
				MTL_FAST_MATH = YES;
				SDKROOT = iphoneos;
				SWIFT_COMPILATION_MODE = wholemodule;
				SWIFT_OPTIMIZATION_LEVEL = "-O";
				VALIDATE_PRODUCT = YES;
			};
			name = Release;
		};
		4FA1F028271E9E850071D20E /* Debug */ = {
			isa = XCBuildConfiguration;
			baseConfigurationReference = FC99DABE00407AB81CA83AD7 /* Pods-Github iOS.debug.xcconfig */;
			buildSettings = {
				ASSETCATALOG_COMPILER_APPICON_NAME = AppIcon;
				ASSETCATALOG_COMPILER_GLOBAL_ACCENT_COLOR_NAME = AccentColor;
				CODE_SIGN_STYLE = Automatic;
				DEVELOPMENT_TEAM = H6H5489H9H;
				INFOPLIST_FILE = "Github iOS/Info.plist";
				LD_RUNPATH_SEARCH_PATHS = (
					"$(inherited)",
					"@executable_path/Frameworks",
				);
				PRODUCT_BUNDLE_IDENTIFIER = "com.numanayhan.Github-iOS";
				PRODUCT_NAME = "$(TARGET_NAME)";
				SWIFT_VERSION = 5.0;
				TARGETED_DEVICE_FAMILY = "1,2";
			};
			name = Debug;
		};
		4FA1F029271E9E850071D20E /* Release */ = {
			isa = XCBuildConfiguration;
			baseConfigurationReference = B04D679CAF51809D45EF8556 /* Pods-Github iOS.release.xcconfig */;
			buildSettings = {
				ASSETCATALOG_COMPILER_APPICON_NAME = AppIcon;
				ASSETCATALOG_COMPILER_GLOBAL_ACCENT_COLOR_NAME = AccentColor;
				CODE_SIGN_STYLE = Automatic;
				DEVELOPMENT_TEAM = H6H5489H9H;
				INFOPLIST_FILE = "Github iOS/Info.plist";
				LD_RUNPATH_SEARCH_PATHS = (
					"$(inherited)",
					"@executable_path/Frameworks",
				);
				PRODUCT_BUNDLE_IDENTIFIER = "com.numanayhan.Github-iOS";
				PRODUCT_NAME = "$(TARGET_NAME)";
				SWIFT_VERSION = 5.0;
				TARGETED_DEVICE_FAMILY = "1,2";
			};
			name = Release;
		};
/* End XCBuildConfiguration section */

/* Begin XCConfigurationList section */
		4FA1F00E271E9E840071D20E /* Build configuration list for PBXProject "Github iOS" */ = {
			isa = XCConfigurationList;
			buildConfigurations = (
				4FA1F025271E9E850071D20E /* Debug */,
				4FA1F026271E9E850071D20E /* Release */,
			);
			defaultConfigurationIsVisible = 0;
			defaultConfigurationName = Release;
		};
		4FA1F027271E9E850071D20E /* Build configuration list for PBXNativeTarget "Github iOS" */ = {
			isa = XCConfigurationList;
			buildConfigurations = (
				4FA1F028271E9E850071D20E /* Debug */,
				4FA1F029271E9E850071D20E /* Release */,
			);
			defaultConfigurationIsVisible = 0;
			defaultConfigurationName = Release;
		};
/* End XCConfigurationList section */
	};
	rootObject = 4FA1F00B271E9E840071D20E /* Project object */;
}
